
Microsoft Visual Studio Solution File, Format Version 12.00
# Visual Studio Version 16
VisualStudioVersion = 16.0.29503.13
MinimumVisualStudioVersion = 10.0.40219.1
Project("{FAE04EC0-301F-11D3-BF4B-00C04F79EFBC}") = "moment1.2", "moment1.2.csproj", "{D6DDD3B7-8C19-4392-9BDF-73E26375B6BA}"
EndProject
Global
	GlobalSection(SolutionConfigurationPlatforms) = preSolution
		Debug|Any CPU = Debug|Any CPU
		Release|Any CPU = Release|Any CPU
	EndGlobalSection
	GlobalSection(ProjectConfigurationPlatforms) = postSolution
		{D6DDD3B7-8C19-4392-9BDF-73E26375B6BA}.Debug|Any CPU.ActiveCfg = Debug|Any CPU
		{D6DDD3B7-8C19-4392-9BDF-73E26375B6BA}.Debug|Any CPU.Build.0 = Debug|Any CPU
		{D6DDD3B7-8C19-4392-9BDF-73E26375B6BA}.Release|Any CPU.ActiveCfg = Release|Any CPU
		{D6DDD3B7-8C19-4392-9BDF-73E26375B6BA}.Release|Any CPU.Build.0 = Release|Any CPU
	EndGlobalSection
	GlobalSection(SolutionProperties) = preSolution
		HideSolutionNode = FALSE
	EndGlobalSection
	GlobalSection(ExtensibilityGlobals) = postSolution
		SolutionGuid = {AA03A1DC-CC39-4E2A-8249-28870F052FD8}
	EndGlobalSection
EndGlobal
